
Microsoft Visual Studio Solution File, Format Version 12.00
# Visual Studio Version 17
VisualStudioVersion = 17.8.34330.188
MinimumVisualStudioVersion = 10.0.40219.1
Project("{FAE04EC0-301F-11D3-BF4B-00C04F79EFBC}") = "SchoolManagement", "SchoolManagement\SchoolManagement.csproj", "{588598FA-E542-4411-AF57-765065D5AAA4}"
EndProject
Global
	GlobalSection(SolutionConfigurationPlatforms) = preSolution
		Debug|Any CPU = Debug|Any CPU
		Release|Any CPU = Release|Any CPU
	EndGlobalSection
	GlobalSection(ProjectConfigurationPlatforms) = postSolution
		{588598FA-E542-4411-AF57-765065D5AAA4}.Debug|Any CPU.ActiveCfg = Debug|Any CPU
		{588598FA-E542-4411-AF57-765065D5AAA4}.Debug|Any CPU.Build.0 = Debug|Any CPU
		{588598FA-E542-4411-AF57-765065D5AAA4}.Release|Any CPU.ActiveCfg = Release|Any CPU
		{588598FA-E542-4411-AF57-765065D5AAA4}.Release|Any CPU.Build.0 = Release|Any CPU
	EndGlobalSection
	GlobalSection(SolutionProperties) = preSolution
		HideSolutionNode = FALSE
	EndGlobalSection
	GlobalSection(ExtensibilityGlobals) = postSolution
		SolutionGuid = {536F124B-5BEC-469F-A661-956CAEB1F78A}
	EndGlobalSection
EndGlobal
